{
  "name": "youcus",
  "version": "0.1.0",
  "lockfileVersion": 3,
  "requires": true,
  "packages": {
    "": {
      "name": "youcus",
      "version": "0.1.0",
      "license": "UNLICENSED",
      "workspaces": [
        "client",
        "server"
      ],
      "engines": {
        "node": ">=20"
      }
    },
    "client": {
      "name": "@youcus/client",
      "version": "0.1.0"
    },
    "node_modules/@youcus/client": {
      "resolved": "client",
      "link": true
    },
    "node_modules/@youcus/server": {
      "resolved": "server",
      "link": true
    },
    "server": {
      "name": "@youcus/server",
      "version": "0.1.0"
    }
  }
}
